// !$*UTF8*$!
{
	archiveVersion = 1;
	classes = {
	};
	objectVersion = 77;
	objects = {

/* Begin PBXBuildFile section */
		C015ACBF2EB06EF4009E1C01 /* PrivacyInfo.xcprivacy in Resources */ = {isa = PBXBuildFile; fileRef = C015ACBE2EB06EF4009E1C01 /* PrivacyInfo.xcprivacy */; };
		C09EFD862EA3C67F0026F0CA /* Secrets.xcconfig in Resources */ = {isa = PBXBuildFile; fileRef = C09EFD852EA3C67F0026F0CA /* Secrets.xcconfig */; };
		C09EFD872EA3C67F0026F0CA /* Secrets.xcconfig in Resources */ = {isa = PBXBuildFile; fileRef = C09EFD852EA3C67F0026F0CA /* Secrets.xcconfig */; };
		C09EFD882EA3C67F0026F0CA /* Secrets.xcconfig in Resources */ = {isa = PBXBuildFile; fileRef = C09EFD852EA3C67F0026F0CA /* Secrets.xcconfig */; };
		C09EFD892EA3C67F0026F0CA /* Secrets.xcconfig in Resources */ = {isa = PBXBuildFile; fileRef = C09EFD852EA3C67F0026F0CA /* Secrets.xcconfig */; };
		C0BDD4FA2E76CFA500E69A6B /* WidgetKit.framework in Frameworks */ = {isa = PBXBuildFile; fileRef = C0BDD4F92E76CFA500E69A6B /* WidgetKit.framework */; };
		C0BDD4FC2E76CFA500E69A6B /* SwiftUI.framework in Frameworks */ = {isa = PBXBuildFile; fileRef = C0BDD4FB2E76CFA500E69A6B /* SwiftUI.framework */; };
		C0BDD50D2E76CFA700E69A6B /* MonoTimerWidgetsExtension.appex in Embed Foundation Extensions */ = {isa = PBXBuildFile; fileRef = C0BDD4F72E76CFA500E69A6B /* MonoTimerWidgetsExtension.appex */; settings = {ATTRIBUTES = (RemoveHeadersOnCopy, ); }; };
		C0CAEB8C2E5B0D280035D5D1 /* Auth in Frameworks */ = {isa = PBXBuildFile; productRef = C0CAEB8B2E5B0D280035D5D1 /* Auth */; };
		C0CAEB8E2E5B0D280035D5D1 /* Supabase in Frameworks */ = {isa = PBXBuildFile; productRef = C0CAEB8D2E5B0D280035D5D1 /* Supabase */; };
/* End PBXBuildFile section */

/* Begin PBXContainerItemProxy section */
		C0BDD50B2E76CFA700E69A6B /* PBXContainerItemProxy */ = {
			isa = PBXContainerItemProxy;
			containerPortal = C0CAEB3E2E58B8020035D5D1 /* Project object */;
			proxyType = 1;
			remoteGlobalIDString = C0BDD4F62E76CFA500E69A6B;
			remoteInfo = FocusSpaceWidgetsExtension;
		};
		C0CAEB542E58B8040035D5D1 /* PBXContainerItemProxy */ = {
			isa = PBXContainerItemProxy;
			containerPortal = C0CAEB3E2E58B8020035D5D1 /* Project object */;
			proxyType = 1;
			remoteGlobalIDString = C0CAEB452E58B8020035D5D1;
			remoteInfo = FocusSpace;
		};
		C0CAEB5E2E58B8040035D5D1 /* PBXContainerItemProxy */ = {
			isa = PBXContainerItemProxy;
			containerPortal = C0CAEB3E2E58B8020035D5D1 /* Project object */;
			proxyType = 1;
			remoteGlobalIDString = C0CAEB452E58B8020035D5D1;
			remoteInfo = FocusSpace;
		};
/* End PBXContainerItemProxy section */

/* Begin PBXCopyFilesBuildPhase section */
		C0BDD50E2E76CFA700E69A6B /* Embed Foundation Extensions */ = {
			isa = PBXCopyFilesBuildPhase;
			buildActionMask = 8;
			dstPath = "";
			dstSubfolderSpec = 13;
			files = (
				C0BDD50D2E76CFA700E69A6B /* MonoTimerWidgetsExtension.appex in Embed Foundation Extensions */,
			);
			name = "Embed Foundation Extensions";
			runOnlyForDeploymentPostprocessing = 1;
		};
/* End PBXCopyFilesBuildPhase section */

/* Begin PBXFileReference section */
		C015ACBE2EB06EF4009E1C01 /* PrivacyInfo.xcprivacy */ = {isa = PBXFileReference; lastKnownFileType = text.xml; path = PrivacyInfo.xcprivacy; sourceTree = "<group>"; };
		C09EFD852EA3C67F0026F0CA /* Secrets.xcconfig */ = {isa = PBXFileReference; lastKnownFileType = text.xcconfig; path = Secrets.xcconfig; sourceTree = "<group>"; };
		C0BDD4F72E76CFA500E69A6B /* MonoTimerWidgetsExtension.appex */ = {isa = PBXFileReference; explicitFileType = "wrapper.app-extension"; includeInIndex = 0; path = MonoTimerWidgetsExtension.appex; sourceTree = BUILT_PRODUCTS_DIR; };
		C0BDD4F92E76CFA500E69A6B /* WidgetKit.framework */ = {isa = PBXFileReference; lastKnownFileType = wrapper.framework; name = WidgetKit.framework; path = System/Library/Frameworks/WidgetKit.framework; sourceTree = SDKROOT; };
		C0BDD4FB2E76CFA500E69A6B /* SwiftUI.framework */ = {isa = PBXFileReference; lastKnownFileType = wrapper.framework; name = SwiftUI.framework; path = System/Library/Frameworks/SwiftUI.framework; sourceTree = SDKROOT; };
		C0CAEB462E58B8020035D5D1 /* MonoTimer.app */ = {isa = PBXFileReference; explicitFileType = wrapper.application; includeInIndex = 0; path = MonoTimer.app; sourceTree = BUILT_PRODUCTS_DIR; };
		C0CAEB532E58B8040035D5D1 /* MonoTimerTests.xctest */ = {isa = PBXFileReference; explicitFileType = wrapper.cfbundle; includeInIndex = 0; path = MonoTimerTests.xctest; sourceTree = BUILT_PRODUCTS_DIR; };
		C0CAEB5D2E58B8040035D5D1 /* MonoTimerUITests.xctest */ = {isa = PBXFileReference; explicitFileType = wrapper.cfbundle; includeInIndex = 0; path = MonoTimerUITests.xctest; sourceTree = BUILT_PRODUCTS_DIR; };
		C0D802E62E7856C400853307 /* FocusSpaceWidgetsExtension.entitlements */ = {isa = PBXFileReference; lastKnownFileType = text.plist.entitlements; path = FocusSpaceWidgetsExtension.entitlements; sourceTree = "<group>"; };
/* End PBXFileReference section */

/* Begin PBXFileSystemSynchronizedBuildFileExceptionSet section */
		C092D5DB2F31B39800BA6252 /* Exceptions for "FocusSpaceWidgets" folder in "MonoTimerWidgetsExtension" target */ = {
			isa = PBXFileSystemSynchronizedBuildFileExceptionSet;
			membershipExceptions = (
				Info.plist,
			);
			target = C0BDD4F62E76CFA500E69A6B /* MonoTimerWidgetsExtension */;
		};
		C0BDD49F2E76CDC600E69A6B /* Exceptions for "FocusSpace" folder in "MonoTimer" target */ = {
			isa = PBXFileSystemSynchronizedBuildFileExceptionSet;
			membershipExceptions = (
				Info.plist,
			);
			target = C0CAEB452E58B8020035D5D1 /* MonoTimer */;
		};
		C0BDD5182E76D03500E69A6B /* Exceptions for "FocusSpace" folder in "MonoTimerWidgetsExtension" target */ = {
			isa = PBXFileSystemSynchronizedBuildFileExceptionSet;
			membershipExceptions = (
				Core/Models/AppError.swift,
				Core/Models/AuthError.swift,
				Core/Models/Session.swift,
				Core/Models/TimePeriod.swift,
				Core/Models/TimerActivityAttributes.swift,
				Core/Models/TimerPreset.swift,
				Data/Services/ActivityManager.swift,
			);
			target = C0BDD4F62E76CFA500E69A6B /* MonoTimerWidgetsExtension */;
		};
/* End PBXFileSystemSynchronizedBuildFileExceptionSet section */

/* Begin PBXFileSystemSynchronizedRootGroup section */
		C0BDD4FD2E76CFA500E69A6B /* FocusSpaceWidgets */ = {
			isa = PBXFileSystemSynchronizedRootGroup;
			exceptions = (
				C092D5DB2F31B39800BA6252 /* Exceptions for "FocusSpaceWidgets" folder in "MonoTimerWidgetsExtension" target */,
			);
			path = FocusSpaceWidgets;
			sourceTree = "<group>";
		};
		C0CAEB482E58B8020035D5D1 /* FocusSpace */ = {
			isa = PBXFileSystemSynchronizedRootGroup;
			exceptions = (
				C0BDD49F2E76CDC600E69A6B /* Exceptions for "FocusSpace" folder in "MonoTimer" target */,
				C0BDD5182E76D03500E69A6B /* Exceptions for "FocusSpace" folder in "MonoTimerWidgetsExtension" target */,
			);
			path = FocusSpace;
			sourceTree = "<group>";
		};
		C0CAEB562E58B8040035D5D1 /* FocusSpaceTests */ = {
			isa = PBXFileSystemSynchronizedRootGroup;
			path = FocusSpaceTests;
			sourceTree = "<group>";
		};
		C0CAEB602E58B8040035D5D1 /* FocusSpaceUITests */ = {
			isa = PBXFileSystemSynchronizedRootGroup;
			path = FocusSpaceUITests;
			sourceTree = "<group>";
		};
/* End PBXFileSystemSynchronizedRootGroup section */

/* Begin PBXFrameworksBuildPhase section */
		C0BDD4F42E76CFA500E69A6B /* Frameworks */ = {
			isa = PBXFrameworksBuildPhase;
			buildActionMask = 2147483647;
			files = (
				C0BDD4FC2E76CFA500E69A6B /* SwiftUI.framework in Frameworks */,
				C0BDD4FA2E76CFA500E69A6B /* WidgetKit.framework in Frameworks */,
			);
			runOnlyForDeploymentPostprocessing = 0;
		};
		C0CAEB432E58B8020035D5D1 /* Frameworks */ = {
			isa = PBXFrameworksBuildPhase;
			buildActionMask = 2147483647;
			files = (
				C0CAEB8E2E5B0D280035D5D1 /* Supabase in Frameworks */,
				C0CAEB8C2E5B0D280035D5D1 /* Auth in Frameworks */,
			);
			runOnlyForDeploymentPostprocessing = 0;
		};
		C0CAEB502E58B8040035D5D1 /* Frameworks */ = {
			isa = PBXFrameworksBuildPhase;
			buildActionMask = 2147483647;
			files = (
			);
			runOnlyForDeploymentPostprocessing = 0;
		};
		C0CAEB5A2E58B8040035D5D1 /* Frameworks */ = {
			isa = PBXFrameworksBuildPhase;
			buildActionMask = 2147483647;
			files = (
			);
			runOnlyForDeploymentPostprocessing = 0;
		};
/* End PBXFrameworksBuildPhase section */

/* Begin PBXGroup section */
		C09EFD842EA3C6430026F0CA /* Config */ = {
			isa = PBXGroup;
			children = (
				C09EFD852EA3C67F0026F0CA /* Secrets.xcconfig */,
			);
			path = Config;
			sourceTree = "<group>";
		};
		C0BDD4F82E76CFA500E69A6B /* Frameworks */ = {
			isa = PBXGroup;
			children = (
				C0BDD4F92E76CFA500E69A6B /* WidgetKit.framework */,
				C0BDD4FB2E76CFA500E69A6B /* SwiftUI.framework */,
			);
			name = Frameworks;
			sourceTree = "<group>";
		};
		C0CAEB3D2E58B8020035D5D1 = {
			isa = PBXGroup;
			children = (
				C015ACBE2EB06EF4009E1C01 /* PrivacyInfo.xcprivacy */,
				C09EFD842EA3C6430026F0CA /* Config */,
				C0D802E62E7856C400853307 /* FocusSpaceWidgetsExtension.entitlements */,
				C0CAEB482E58B8020035D5D1 /* FocusSpace */,
				C0CAEB562E58B8040035D5D1 /* FocusSpaceTests */,
				C0CAEB602E58B8040035D5D1 /* FocusSpaceUITests */,
				C0BDD4FD2E76CFA500E69A6B /* FocusSpaceWidgets */,
				C0BDD4F82E76CFA500E69A6B /* Frameworks */,
				C0CAEB472E58B8020035D5D1 /* Products */,
			);
			sourceTree = "<group>";
		};
		C0CAEB472E58B8020035D5D1 /* Products */ = {
			isa = PBXGroup;
			children = (
				C0CAEB462E58B8020035D5D1 /* MonoTimer.app */,
				C0CAEB532E58B8040035D5D1 /* MonoTimerTests.xctest */,
				C0CAEB5D2E58B8040035D5D1 /* MonoTimerUITests.xctest */,
				C0BDD4F72E76CFA500E69A6B /* MonoTimerWidgetsExtension.appex */,
			);
			name = Products;
			sourceTree = "<group>";
		};
/* End PBXGroup section */

/* Begin PBXNativeTarget section */
		C0BDD4F62E76CFA500E69A6B /* MonoTimerWidgetsExtension */ = {
			isa = PBXNativeTarget;
			buildConfigurationList = C0BDD5112E76CFA700E69A6B /* Build configuration list for PBXNativeTarget "MonoTimerWidgetsExtension" */;
			buildPhases = (
				C0BDD4F32E76CFA500E69A6B /* Sources */,
				C0BDD4F42E76CFA500E69A6B /* Frameworks */,
				C0BDD4F52E76CFA500E69A6B /* Resources */,
			);
			buildRules = (
			);
			dependencies = (
			);
			fileSystemSynchronizedGroups = (
				C0BDD4FD2E76CFA500E69A6B /* FocusSpaceWidgets */,
			);
			name = MonoTimerWidgetsExtension;
			packageProductDependencies = (
			);
			productName = FocusSpaceWidgetsExtension;
			productReference = C0BDD4F72E76CFA500E69A6B /* MonoTimerWidgetsExtension.appex */;
			productType = "com.apple.product-type.app-extension";
		};
		C0CAEB452E58B8020035D5D1 /* MonoTimer */ = {
			isa = PBXNativeTarget;
			buildConfigurationList = C0CAEB672E58B8040035D5D1 /* Build configuration list for PBXNativeTarget "MonoTimer" */;
			buildPhases = (
				C0CAEB422E58B8020035D5D1 /* Sources */,
				C0CAEB432E58B8020035D5D1 /* Frameworks */,
				C0CAEB442E58B8020035D5D1 /* Resources */,
				C0BDD50E2E76CFA700E69A6B /* Embed Foundation Extensions */,
			);
			buildRules = (
			);
			dependencies = (
				C0BDD50C2E76CFA700E69A6B /* PBXTargetDependency */,
			);
			fileSystemSynchronizedGroups = (
				C0CAEB482E58B8020035D5D1 /* FocusSpace */,
			);
			name = MonoTimer;
			packageProductDependencies = (
				C0CAEB8B2E5B0D280035D5D1 /* Auth */,
				C0CAEB8D2E5B0D280035D5D1 /* Supabase */,
			);
			productName = FocusSpace;
			productReference = C0CAEB462E58B8020035D5D1 /* MonoTimer.app */;
			productType = "com.apple.product-type.application";
		};
		C0CAEB522E58B8040035D5D1 /* MonoTimerTests */ = {
			isa = PBXNativeTarget;
			buildConfigurationList = C0CAEB6A2E58B8040035D5D1 /* Build configuration list for PBXNativeTarget "MonoTimerTests" */;
			buildPhases = (
				C0CAEB4F2E58B8040035D5D1 /* Sources */,
				C0CAEB502E58B8040035D5D1 /* Frameworks */,
				C0CAEB512E58B8040035D5D1 /* Resources */,
			);
			buildRules = (
			);
			dependencies = (
				C0CAEB552E58B8040035D5D1 /* PBXTargetDependency */,
			);
			fileSystemSynchronizedGroups = (
				C0CAEB562E58B8040035D5D1 /* FocusSpaceTests */,
			);
			name = MonoTimerTests;
			packageProductDependencies = (
			);
			productName = FocusSpaceTests;
			productReference = C0CAEB532E58B8040035D5D1 /* MonoTimerTests.xctest */;
			productType = "com.apple.product-type.bundle.unit-test";
		};
		C0CAEB5C2E58B8040035D5D1 /* MonoTimerUITests */ = {
			isa = PBXNativeTarget;
			buildConfigurationList = C0CAEB6D2E58B8040035D5D1 /* Build configuration list for PBXNativeTarget "MonoTimerUITests" */;
			buildPhases = (
				C0CAEB592E58B8040035D5D1 /* Sources */,
				C0CAEB5A2E58B8040035D5D1 /* Frameworks */,
				C0CAEB5B2E58B8040035D5D1 /* Resources */,
			);
			buildRules = (
			);
			dependencies = (
				C0CAEB5F2E58B8040035D5D1 /* PBXTargetDependency */,
			);
			fileSystemSynchronizedGroups = (
				C0CAEB602E58B8040035D5D1 /* FocusSpaceUITests */,
			);
			name = MonoTimerUITests;
			packageProductDependencies = (
			);
			productName = FocusSpaceUITests;
			productReference = C0CAEB5D2E58B8040035D5D1 /* MonoTimerUITests.xctest */;
			productType = "com.apple.product-type.bundle.ui-testing";
		};
/* End PBXNativeTarget section */

/* Begin PBXProject section */
		C0CAEB3E2E58B8020035D5D1 /* Project object */ = {
			isa = PBXProject;
			attributes = {
				BuildIndependentTargetsInParallel = 1;
				LastSwiftUpdateCheck = 1640;
				LastUpgradeCheck = 1640;
				TargetAttributes = {
					C0BDD4F62E76CFA500E69A6B = {
						CreatedOnToolsVersion = 16.4;
					};
					C0CAEB452E58B8020035D5D1 = {
						CreatedOnToolsVersion = 16.4;
					};
					C0CAEB522E58B8040035D5D1 = {
						CreatedOnToolsVersion = 16.4;
						TestTargetID = C0CAEB452E58B8020035D5D1;
					};
					C0CAEB5C2E58B8040035D5D1 = {
						CreatedOnToolsVersion = 16.4;
						TestTargetID = C0CAEB452E58B8020035D5D1;
					};
				};
			};
			buildConfigurationList = C0CAEB412E58B8020035D5D1 /* Build configuration list for PBXProject "MonoTimer" */;
			developmentRegion = en;
			hasScannedForEncodings = 0;
			knownRegions = (
				en,
				Base,
			);
			mainGroup = C0CAEB3D2E58B8020035D5D1;
			minimizedProjectReferenceProxies = 1;
			packageReferences = (
				C0CAEB8A2E5B0D280035D5D1 /* XCRemoteSwiftPackageReference "supabase-swift" */,
			);
			preferredProjectObjectVersion = 77;
			productRefGroup = C0CAEB472E58B8020035D5D1 /* Products */;
			projectDirPath = "";
			projectRoot = "";
			targets = (
				C0CAEB452E58B8020035D5D1 /* MonoTimer */,
				C0CAEB522E58B8040035D5D1 /* MonoTimerTests */,
				C0CAEB5C2E58B8040035D5D1 /* MonoTimerUITests */,
				C0BDD4F62E76CFA500E69A6B /* MonoTimerWidgetsExtension */,
			);
		};
/* End PBXProject section */

/* Begin PBXResourcesBuildPhase section */
		C0BDD4F52E76CFA500E69A6B /* Resources */ = {
			isa = PBXResourcesBuildPhase;
			buildActionMask = 2147483647;
			files = (
				C09EFD892EA3C67F0026F0CA /* Secrets.xcconfig in Resources */,
			);
			runOnlyForDeploymentPostprocessing = 0;
		};
		C0CAEB442E58B8020035D5D1 /* Resources */ = {
			isa = PBXResourcesBuildPhase;
			buildActionMask = 2147483647;
			files = (
				C09EFD862EA3C67F0026F0CA /* Secrets.xcconfig in Resources */,
				C015ACBF2EB06EF4009E1C01 /* PrivacyInfo.xcprivacy in Resources */,
			);
			runOnlyForDeploymentPostprocessing = 0;
		};
		C0CAEB512E58B8040035D5D1 /* Resources */ = {
			isa = PBXResourcesBuildPhase;
			buildActionMask = 2147483647;
			files = (
				C09EFD872EA3C67F0026F0CA /* Secrets.xcconfig in Resources */,
			);
			runOnlyForDeploymentPostprocessing = 0;
		};
		C0CAEB5B2E58B8040035D5D1 /* Resources */ = {
			isa = PBXResourcesBuildPhase;
			buildActionMask = 2147483647;
			files = (
				C09EFD882EA3C67F0026F0CA /* Secrets.xcconfig in Resources */,
			);
			runOnlyForDeploymentPostprocessing = 0;
		};
/* End PBXResourcesBuildPhase section */

/* Begin PBXSourcesBuildPhase section */
		C0BDD4F32E76CFA500E69A6B /* Sources */ = {
			isa = PBXSourcesBuildPhase;
			buildActionMask = 2147483647;
			files = (
			);
			runOnlyForDeploymentPostprocessing = 0;
		};
		C0CAEB422E58B8020035D5D1 /* Sources */ = {
			isa = PBXSourcesBuildPhase;
			buildActionMask = 2147483647;
			files = (
			);
			runOnlyForDeploymentPostprocessing = 0;
		};
		C0CAEB4F2E58B8040035D5D1 /* Sources */ = {
			isa = PBXSourcesBuildPhase;
			buildActionMask = 2147483647;
			files = (
			);
			runOnlyForDeploymentPostprocessing = 0;
		};
		C0CAEB592E58B8040035D5D1 /* Sources */ = {
			isa = PBXSourcesBuildPhase;
			buildActionMask = 2147483647;
			files = (
			);
			runOnlyForDeploymentPostprocessing = 0;
		};
/* End PBXSourcesBuildPhase section */

/* Begin PBXTargetDependency section */
		C0BDD50C2E76CFA700E69A6B /* PBXTargetDependency */ = {
			isa = PBXTargetDependency;
			target = C0BDD4F62E76CFA500E69A6B /* MonoTimerWidgetsExtension */;
			targetProxy = C0BDD50B2E76CFA700E69A6B /* PBXContainerItemProxy */;
		};
		C0CAEB552E58B8040035D5D1 /* PBXTargetDependency */ = {
			isa = PBXTargetDependency;
			target = C0CAEB452E58B8020035D5D1 /* MonoTimer */;
			targetProxy = C0CAEB542E58B8040035D5D1 /* PBXContainerItemProxy */;
		};
		C0CAEB5F2E58B8040035D5D1 /* PBXTargetDependency */ = {
			isa = PBXTargetDependency;
			target = C0CAEB452E58B8020035D5D1 /* MonoTimer */;
			targetProxy = C0CAEB5E2E58B8040035D5D1 /* PBXContainerItemProxy */;
		};
/* End PBXTargetDependency section */

/* Begin XCBuildConfiguration section */
		C0BDD50F2E76CFA700E69A6B /* Debug */ = {
			isa = XCBuildConfiguration;
			baseConfigurationReference = C09EFD852EA3C67F0026F0CA /* Secrets.xcconfig */;
			buildSettings = {
				ASSETCATALOG_COMPILER_GLOBAL_ACCENT_COLOR_NAME = AccentColor;
				ASSETCATALOG_COMPILER_WIDGET_BACKGROUND_COLOR_NAME = WidgetBackground;
				CODE_SIGN_ENTITLEMENTS = FocusSpaceWidgetsExtension.entitlements;
				CODE_SIGN_IDENTITY = "Apple Development";
				CODE_SIGN_STYLE = Automatic;
				CURRENT_PROJECT_VERSION = 26;
				DEVELOPMENT_TEAM = 45C3927649;
				GENERATE_INFOPLIST_FILE = YES;
				INFOPLIST_FILE = FocusSpaceWidgets/Info.plist;
				INFOPLIST_KEY_CFBundleDisplayName = MonoTimerWidgets;
				INFOPLIST_KEY_NSHumanReadableCopyright = "";
				LD_RUNPATH_SEARCH_PATHS = (
					"$(inherited)",
					"@executable_path/Frameworks",
					"@executable_path/../../Frameworks",
				);
				MARKETING_VERSION = 1.2.6;
				PRODUCT_BUNDLE_IDENTIFIER = com.boopannachai.MonoTimer.MonoTimerWidgets;
				PRODUCT_NAME = "$(TARGET_NAME)";
				PROVISIONING_PROFILE_SPECIFIER = "";
				SKIP_INSTALL = YES;
				SWIFT_EMIT_LOC_STRINGS = YES;
				SWIFT_VERSION = 5.0;
				TARGETED_DEVICE_FAMILY = "1,2";
			};
			name = Debug;
		};
		C0BDD5102E76CFA700E69A6B /* Release */ = {
			isa = XCBuildConfiguration;
			baseConfigurationReference = C09EFD852EA3C67F0026F0CA /* Secrets.xcconfig */;
			buildSettings = {
				ASSETCATALOG_COMPILER_GLOBAL_ACCENT_COLOR_NAME = AccentColor;
				ASSETCATALOG_COMPILER_WIDGET_BACKGROUND_COLOR_NAME = WidgetBackground;
				CODE_SIGN_ENTITLEMENTS = FocusSpaceWidgetsExtension.entitlements;
				CODE_SIGN_IDENTITY = "Apple Development";
				CODE_SIGN_STYLE = Automatic;
				CURRENT_PROJECT_VERSION = 26;
				DEVELOPMENT_TEAM = 45C3927649;
				GENERATE_INFOPLIST_FILE = YES;
				INFOPLIST_FILE = FocusSpaceWidgets/Info.plist;
				INFOPLIST_KEY_CFBundleDisplayName = MonoTimerWidgets;
				INFOPLIST_KEY_NSHumanReadableCopyright = "";
				LD_RUNPATH_SEARCH_PATHS = (
					"$(inherited)",
					"@executable_path/Frameworks",
					"@executable_path/../../Frameworks",
				);
				MARKETING_VERSION = 1.2.6;
				PRODUCT_BUNDLE_IDENTIFIER = com.boopannachai.MonoTimer.MonoTimerWidgets;
				PRODUCT_NAME = "$(TARGET_NAME)";
				PROVISIONING_PROFILE_SPECIFIER = "";
				SKIP_INSTALL = YES;
				SWIFT_EMIT_LOC_STRINGS = YES;
				SWIFT_VERSION = 5.0;
				TARGETED_DEVICE_FAMILY = "1,2";
			};
			name = Release;
		};
		C0CAEB652E58B8040035D5D1 /* Debug */ = {
			isa = XCBuildConfiguration;
			baseConfigurationReference = C09EFD852EA3C67F0026F0CA /* Secrets.xcconfig */;
			buildSettings = {
				ALWAYS_SEARCH_USER_PATHS = NO;
				ASSETCATALOG_COMPILER_GENERATE_SWIFT_ASSET_SYMBOL_EXTENSIONS = YES;
				CLANG_ANALYZER_NONNULL = YES;
				CLANG_ANALYZER_NUMBER_OBJECT_CONVERSION = YES_AGGRESSIVE;
				CLANG_CXX_LANGUAGE_STANDARD = "gnu++20";
				CLANG_ENABLE_MODULES = YES;
				CLANG_ENABLE_OBJC_ARC = YES;
				CLANG_ENABLE_OBJC_WEAK = YES;
				CLANG_WARN_BLOCK_CAPTURE_AUTORELEASING = YES;
				CLANG_WARN_BOOL_CONVERSION = YES;
				CLANG_WARN_COMMA = YES;
				CLANG_WARN_CONSTANT_CONVERSION = YES;
				CLANG_WARN_DEPRECATED_OBJC_IMPLEMENTATIONS = YES;
				CLANG_WARN_DIRECT_OBJC_ISA_USAGE = YES_ERROR;
				CLANG_WARN_DOCUMENTATION_COMMENTS = YES;
				CLANG_WARN_EMPTY_BODY = YES;
				CLANG_WARN_ENUM_CONVERSION = YES;
				CLANG_WARN_INFINITE_RECURSION = YES;
				CLANG_WARN_INT_CONVERSION = YES;
				CLANG_WARN_NON_LITERAL_NULL_CONVERSION = YES;
				CLANG_WARN_OBJC_IMPLICIT_RETAIN_SELF = YES;
				CLANG_WARN_OBJC_LITERAL_CONVERSION = YES;
				CLANG_WARN_OBJC_ROOT_CLASS = YES_ERROR;
				CLANG_WARN_QUOTED_INCLUDE_IN_FRAMEWORK_HEADER = YES;
				CLANG_WARN_RANGE_LOOP_ANALYSIS = YES;
				CLANG_WARN_STRICT_PROTOTYPES = YES;
				CLANG_WARN_SUSPICIOUS_MOVE = YES;
				CLANG_WARN_UNGUARDED_AVAILABILITY = YES_AGGRESSIVE;
				CLANG_WARN_UNREACHABLE_CODE = YES;
				CLANG_WARN__DUPLICATE_METHOD_MATCH = YES;
				COPY_PHASE_STRIP = YES;
				DEBUG_INFORMATION_FORMAT = dwarf;
				DEVELOPMENT_TEAM = 45C3927649;
				ENABLE_STRICT_OBJC_MSGSEND = YES;
				ENABLE_TESTABILITY = YES;
				ENABLE_USER_SCRIPT_SANDBOXING = YES;
				GCC_C_LANGUAGE_STANDARD = gnu17;
				GCC_DYNAMIC_NO_PIC = NO;
				GCC_NO_COMMON_BLOCKS = YES;
				GCC_OPTIMIZATION_LEVEL = 0;
				GCC_PREPROCESSOR_DEFINITIONS = (
					"DEBUG=1",
					"$(inherited)",
				);
				GCC_WARN_64_TO_32_BIT_CONVERSION = YES;
				GCC_WARN_ABOUT_RETURN_TYPE = YES_ERROR;
				GCC_WARN_UNDECLARED_SELECTOR = YES;
				GCC_WARN_UNINITIALIZED_AUTOS = YES_AGGRESSIVE;
				GCC_WARN_UNUSED_FUNCTION = YES;
				GCC_WARN_UNUSED_VARIABLE = YES;
				IPHONEOS_DEPLOYMENT_TARGET = 18.5;
				LOCALIZATION_PREFERS_STRING_CATALOGS = YES;
				MTL_ENABLE_DEBUG_INFO = INCLUDE_SOURCE;
				MTL_FAST_MATH = YES;
				ONLY_ACTIVE_ARCH = YES;
				SDKROOT = iphoneos;
				SWIFT_ACTIVE_COMPILATION_CONDITIONS = "DEBUG $(inherited)";
				SWIFT_OPTIMIZATION_LEVEL = "-Onone";
			};
			name = Debug;
		};
		C0CAEB662E58B8040035D5D1 /* Release */ = {
			isa = XCBuildConfiguration;
			baseConfigurationReference = C09EFD852EA3C67F0026F0CA /* Secrets.xcconfig */;
			buildSettings = {
				ALWAYS_SEARCH_USER_PATHS = NO;
				ASSETCATALOG_COMPILER_GENERATE_SWIFT_ASSET_SYMBOL_EXTENSIONS = YES;
				CLANG_ANALYZER_NONNULL = YES;
				CLANG_ANALYZER_NUMBER_OBJECT_CONVERSION = YES_AGGRESSIVE;
				CLANG_CXX_LANGUAGE_STANDARD = "gnu++20";
				CLANG_ENABLE_MODULES = YES;
				CLANG_ENABLE_OBJC_ARC = YES;
				CLANG_ENABLE_OBJC_WEAK = YES;
				CLANG_WARN_BLOCK_CAPTURE_AUTORELEASING = YES;
				CLANG_WARN_BOOL_CONVERSION = YES;
				CLANG_WARN_COMMA = YES;
				CLANG_WARN_CONSTANT_CONVERSION = YES;
				CLANG_WARN_DEPRECATED_OBJC_IMPLEMENTATIONS = YES;
				CLANG_WARN_DIRECT_OBJC_ISA_USAGE = YES_ERROR;
				CLANG_WARN_DOCUMENTATION_COMMENTS = YES;
				CLANG_WARN_EMPTY_BODY = YES;
				CLANG_WARN_ENUM_CONVERSION = YES;
				CLANG_WARN_INFINITE_RECURSION = YES;
				CLANG_WARN_INT_CONVERSION = YES;
				CLANG_WARN_NON_LITERAL_NULL_CONVERSION = YES;
				CLANG_WARN_OBJC_IMPLICIT_RETAIN_SELF = YES;
				CLANG_WARN_OBJC_LITERAL_CONVERSION = YES;
				CLANG_WARN_OBJC_ROOT_CLASS = YES_ERROR;
				CLANG_WARN_QUOTED_INCLUDE_IN_FRAMEWORK_HEADER = YES;
				CLANG_WARN_RANGE_LOOP_ANALYSIS = YES;
				CLANG_WARN_STRICT_PROTOTYPES = YES;
				CLANG_WARN_SUSPICIOUS_MOVE = YES;
				CLANG_WARN_UNGUARDED_AVAILABILITY = YES_AGGRESSIVE;
				CLANG_WARN_UNREACHABLE_CODE = YES;
				CLANG_WARN__DUPLICATE_METHOD_MATCH = YES;
				COPY_PHASE_STRIP = YES;
				DEBUG_INFORMATION_FORMAT = "dwarf-with-dsym";
				DEVELOPMENT_TEAM = 45C3927649;
				ENABLE_NS_ASSERTIONS = NO;
				ENABLE_STRICT_OBJC_MSGSEND = YES;
				ENABLE_USER_SCRIPT_SANDBOXING = YES;
				GCC_C_LANGUAGE_STANDARD = gnu17;
				GCC_NO_COMMON_BLOCKS = YES;
				GCC_WARN_64_TO_32_BIT_CONVERSION = YES;
				GCC_WARN_ABOUT_RETURN_TYPE = YES_ERROR;
				GCC_WARN_UNDECLARED_SELECTOR = YES;
				GCC_WARN_UNINITIALIZED_AUTOS = YES_AGGRESSIVE;
				GCC_WARN_UNUSED_FUNCTION = YES;
				GCC_WARN_UNUSED_VARIABLE = YES;
				IPHONEOS_DEPLOYMENT_TARGET = 18.5;
				LOCALIZATION_PREFERS_STRING_CATALOGS = YES;
				MTL_ENABLE_DEBUG_INFO = NO;
				MTL_FAST_MATH = YES;
				SDKROOT = iphoneos;
				SWIFT_COMPILATION_MODE = wholemodule;
				VALIDATE_PRODUCT = YES;
			};
			name = Release;
		};
		C0CAEB682E58B8040035D5D1 /* Debug */ = {
			isa = XCBuildConfiguration;
			baseConfigurationReference = C09EFD852EA3C67F0026F0CA /* Secrets.xcconfig */;
			buildSettings = {
				ASSETCATALOG_COMPILER_APPICON_NAME = AppIcon;
				ASSETCATALOG_COMPILER_GLOBAL_ACCENT_COLOR_NAME = AccentColor;
				CODE_SIGN_ENTITLEMENTS = FocusSpace/FocusSpace.entitlements;
				CODE_SIGN_IDENTITY = "Apple Development";
				CODE_SIGN_STYLE = Automatic;
				CURRENT_PROJECT_VERSION = 26;
				DEVELOPMENT_TEAM = 45C3927649;
				ENABLE_PREVIEWS = YES;
				GENERATE_INFOPLIST_FILE = YES;
				INFOPLIST_FILE = FocusSpace/Info.plist;
				INFOPLIST_KEY_CFBundleDisplayName = MonoTimer;
				INFOPLIST_KEY_ITSAppUsesNonExemptEncryption = NO;
				INFOPLIST_KEY_NSSupportsLiveActivities = YES;
				INFOPLIST_KEY_NSSupportsLiveActivitiesFrequentUpdates = YES;
				INFOPLIST_KEY_UIApplicationSceneManifest_Generation = YES;
				INFOPLIST_KEY_UIApplicationSupportsIndirectInputEvents = YES;
				INFOPLIST_KEY_UILaunchScreen_Generation = YES;
				INFOPLIST_KEY_UILaunchStoryboardName = LaunchScreen;
				INFOPLIST_KEY_UISupportedInterfaceOrientations = UIInterfaceOrientationPortrait;
				INFOPLIST_KEY_UISupportedInterfaceOrientations_iPad = "UIInterfaceOrientationLandscapeLeft UIInterfaceOrientationLandscapeRight UIInterfaceOrientationPortrait UIInterfaceOrientationPortraitUpsideDown";
				IPHONEOS_DEPLOYMENT_TARGET = 17.0;
				LD_RUNPATH_SEARCH_PATHS = (
					"$(inherited)",
					"@executable_path/Frameworks",
				);
				MARKETING_VERSION = 1.2.6;
				PRODUCT_BUNDLE_IDENTIFIER = com.boopannachai.MonoTimer;
				PRODUCT_NAME = "$(TARGET_NAME)";
				PROVISIONING_PROFILE_SPECIFIER = "";
				SUPABASE_ANON_KEY = "$(SUPABASE_ANON_KEY)";
				SUPABASE_URL = "$(SUPABASE_URL)";
				SUPPORTED_PLATFORMS = "iphoneos iphonesimulator";
				SUPPORTS_MACCATALYST = NO;
				SUPPORTS_MAC_DESIGNED_FOR_IPHONE_IPAD = NO;
				SUPPORTS_XR_DESIGNED_FOR_IPHONE_IPAD = NO;
				SWIFT_EMIT_LOC_STRINGS = YES;
				SWIFT_VERSION = 5.0;
				TARGETED_DEVICE_FAMILY = 1;
			};
			name = Debug;
		};
		C0CAEB692E58B8040035D5D1 /* Release */ = {
			isa = XCBuildConfiguration;
			baseConfigurationReference = C09EFD852EA3C67F0026F0CA /* Secrets.xcconfig */;
			buildSettings = {
				ASSETCATALOG_COMPILER_APPICON_NAME = AppIcon;
				ASSETCATALOG_COMPILER_GLOBAL_ACCENT_COLOR_NAME = AccentColor;
				CODE_SIGN_ENTITLEMENTS = FocusSpace/FocusSpace.entitlements;
				CODE_SIGN_IDENTITY = "Apple Development";
				CODE_SIGN_STYLE = Automatic;
				CURRENT_PROJECT_VERSION = 26;
				DEVELOPMENT_TEAM = 45C3927649;
				ENABLE_PREVIEWS = YES;
				GENERATE_INFOPLIST_FILE = YES;
				INFOPLIST_FILE = FocusSpace/Info.plist;
				INFOPLIST_KEY_CFBundleDisplayName = MonoTimer;
				INFOPLIST_KEY_ITSAppUsesNonExemptEncryption = NO;
				INFOPLIST_KEY_NSSupportsLiveActivities = YES;
				INFOPLIST_KEY_NSSupportsLiveActivitiesFrequentUpdates = YES;
				INFOPLIST_KEY_UIApplicationSceneManifest_Generation = YES;
				INFOPLIST_KEY_UIApplicationSupportsIndirectInputEvents = YES;
				INFOPLIST_KEY_UILaunchScreen_Generation = YES;
				INFOPLIST_KEY_UILaunchStoryboardName = LaunchScreen;
				INFOPLIST_KEY_UISupportedInterfaceOrientations = UIInterfaceOrientationPortrait;
				INFOPLIST_KEY_UISupportedInterfaceOrientations_iPad = "UIInterfaceOrientationLandscapeLeft UIInterfaceOrientationLandscapeRight UIInterfaceOrientationPortrait UIInterfaceOrientationPortraitUpsideDown";
				IPHONEOS_DEPLOYMENT_TARGET = 17.0;
				LD_RUNPATH_SEARCH_PATHS = (
					"$(inherited)",
					"@executable_path/Frameworks",
				);
				MARKETING_VERSION = 1.2.6;
				PRODUCT_BUNDLE_IDENTIFIER = com.boopannachai.MonoTimer;
				PRODUCT_NAME = "$(TARGET_NAME)";
				PROVISIONING_PROFILE_SPECIFIER = "";
				SUPABASE_ANON_KEY = "$(SUPABASE_ANON_KEY)";
				SUPABASE_URL = "$(SUPABASE_URL)";
				SUPPORTED_PLATFORMS = "iphoneos iphonesimulator";
				SUPPORTS_MACCATALYST = NO;
				SUPPORTS_MAC_DESIGNED_FOR_IPHONE_IPAD = NO;
				SUPPORTS_XR_DESIGNED_FOR_IPHONE_IPAD = NO;
				SWIFT_EMIT_LOC_STRINGS = YES;
				SWIFT_VERSION = 5.0;
				TARGETED_DEVICE_FAMILY = 1;
			};
			name = Release;
		};
		C0CAEB6B2E58B8040035D5D1 /* Debug */ = {
			isa = XCBuildConfiguration;
			buildSettings = {
				BUNDLE_LOADER = "$(TEST_HOST)";
				CODE_SIGN_STYLE = Automatic;
				CURRENT_PROJECT_VERSION = 4;
				DEVELOPMENT_TEAM = 45C3927649;
				GENERATE_INFOPLIST_FILE = YES;
				IPHONEOS_DEPLOYMENT_TARGET = 18.5;
				MARKETING_VERSION = 1.0;
				PRODUCT_BUNDLE_IDENTIFIER = com.boopannachai.MonoTimerTests;
				PRODUCT_NAME = "$(TARGET_NAME)";
				SWIFT_EMIT_LOC_STRINGS = NO;
				SWIFT_VERSION = 5.0;
				TARGETED_DEVICE_FAMILY = "1,2";
				TEST_HOST = "$(BUILT_PRODUCTS_DIR)/MonoTimer.app/$(BUNDLE_EXECUTABLE_FOLDER_PATH)/MonoTimer";
			};
			name = Debug;
		};
		C0CAEB6C2E58B8040035D5D1 /* Release */ = {
			isa = XCBuildConfiguration;
			buildSettings = {
				BUNDLE_LOADER = "$(TEST_HOST)";
				CODE_SIGN_STYLE = Automatic;
				CURRENT_PROJECT_VERSION = 4;
				DEVELOPMENT_TEAM = 45C3927649;
				GENERATE_INFOPLIST_FILE = YES;
				IPHONEOS_DEPLOYMENT_TARGET = 18.5;
				MARKETING_VERSION = 1.0;
				PRODUCT_BUNDLE_IDENTIFIER = com.boopannachai.MonoTimerTests;
				PRODUCT_NAME = "$(TARGET_NAME)";
				SWIFT_EMIT_LOC_STRINGS = NO;
				SWIFT_VERSION = 5.0;
				TARGETED_DEVICE_FAMILY = "1,2";
				TEST_HOST = "$(BUILT_PRODUCTS_DIR)/MonoTimer.app/$(BUNDLE_EXECUTABLE_FOLDER_PATH)/MonoTimer";
			};
			name = Release;
		};
		C0CAEB6E2E58B8040035D5D1 /* Debug */ = {
			isa = XCBuildConfiguration;
			buildSettings = {
				CODE_SIGN_STYLE = Automatic;
				CURRENT_PROJECT_VERSION = 4;
				DEVELOPMENT_TEAM = 45C3927649;
				GENERATE_INFOPLIST_FILE = YES;
				MARKETING_VERSION = 1.0;
				PRODUCT_BUNDLE_IDENTIFIER = com.boopannachai.MonoTimerUITests;
				PRODUCT_NAME = "$(TARGET_NAME)";
				SWIFT_EMIT_LOC_STRINGS = NO;
				SWIFT_VERSION = 5.0;
				TARGETED_DEVICE_FAMILY = "1,2";
				TEST_TARGET_NAME = FocusSpace;
			};
			name = Debug;
		};
		C0CAEB6F2E58B8040035D5D1 /* Release */ = {
			isa = XCBuildConfiguration;
			buildSettings = {
				CODE_SIGN_STYLE = Automatic;
				CURRENT_PROJECT_VERSION = 4;
				DEVELOPMENT_TEAM = 45C3927649;
				GENERATE_INFOPLIST_FILE = YES;
				MARKETING_VERSION = 1.0;
				PRODUCT_BUNDLE_IDENTIFIER = com.boopannachai.MonoTimerUITests;
				PRODUCT_NAME = "$(TARGET_NAME)";
				SWIFT_EMIT_LOC_STRINGS = NO;
				SWIFT_VERSION = 5.0;
				TARGETED_DEVICE_FAMILY = "1,2";
				TEST_TARGET_NAME = FocusSpace;
			};
			name = Release;
		};
/* End XCBuildConfiguration section */

/* Begin XCConfigurationList section */
		C0BDD5112E76CFA700E69A6B /* Build configuration list for PBXNativeTarget "MonoTimerWidgetsExtension" */ = {
			isa = XCConfigurationList;
			buildConfigurations = (
				C0BDD50F2E76CFA700E69A6B /* Debug */,
				C0BDD5102E76CFA700E69A6B /* Release */,
			);
			defaultConfigurationIsVisible = 0;
			defaultConfigurationName = Release;
		};
		C0CAEB412E58B8020035D5D1 /* Build configuration list for PBXProject "MonoTimer" */ = {
			isa = XCConfigurationList;
			buildConfigurations = (
				C0CAEB652E58B8040035D5D1 /* Debug */,
				C0CAEB662E58B8040035D5D1 /* Release */,
			);
			defaultConfigurationIsVisible = 0;
			defaultConfigurationName = Release;
		};
		C0CAEB672E58B8040035D5D1 /* Build configuration list for PBXNativeTarget "MonoTimer" */ = {
			isa = XCConfigurationList;
			buildConfigurations = (
				C0CAEB682E58B8040035D5D1 /* Debug */,
				C0CAEB692E58B8040035D5D1 /* Release */,
			);
			defaultConfigurationIsVisible = 0;
			defaultConfigurationName = Release;
		};
		C0CAEB6A2E58B8040035D5D1 /* Build configuration list for PBXNativeTarget "MonoTimerTests" */ = {
			isa = XCConfigurationList;
			buildConfigurations = (
				C0CAEB6B2E58B8040035D5D1 /* Debug */,
				C0CAEB6C2E58B8040035D5D1 /* Release */,
			);
			defaultConfigurationIsVisible = 0;
			defaultConfigurationName = Release;
		};
		C0CAEB6D2E58B8040035D5D1 /* Build configuration list for PBXNativeTarget "MonoTimerUITests" */ = {
			isa = XCConfigurationList;
			buildConfigurations = (
				C0CAEB6E2E58B8040035D5D1 /* Debug */,
				C0CAEB6F2E58B8040035D5D1 /* Release */,
			);
			defaultConfigurationIsVisible = 0;
			defaultConfigurationName = Release;
		};
/* End XCConfigurationList section */

/* Begin XCRemoteSwiftPackageReference section */
		C0CAEB8A2E5B0D280035D5D1 /* XCRemoteSwiftPackageReference "supabase-swift" */ = {
			isa = XCRemoteSwiftPackageReference;
			repositoryURL = "https://github.com/supabase/supabase-swift";
			requirement = {
				kind = upToNextMajorVersion;
				minimumVersion = 2.5.1;
			};
		};
/* End XCRemoteSwiftPackageReference section */

/* Begin XCSwiftPackageProductDependency section */
		C0CAEB8B2E5B0D280035D5D1 /* Auth */ = {
			isa = XCSwiftPackageProductDependency;
			package = C0CAEB8A2E5B0D280035D5D1 /* XCRemoteSwiftPackageReference "supabase-swift" */;
			productName = Auth;
		};
		C0CAEB8D2E5B0D280035D5D1 /* Supabase */ = {
			isa = XCSwiftPackageProductDependency;
			package = C0CAEB8A2E5B0D280035D5D1 /* XCRemoteSwiftPackageReference "supabase-swift" */;
			productName = Supabase;
		};
/* End XCSwiftPackageProductDependency section */
	};
	rootObject = C0CAEB3E2E58B8020035D5D1 /* Project object */;
}
